
Microsoft Visual Studio Solution File, Format Version 12.00
# Visual Studio Version 16
VisualStudioVersion = 16.0.29613.14
MinimumVisualStudioVersion = 10.0.40219.1
Project("{151D2E53-A2C4-4D7D-83FE-D05416EBD58E}") = "WordpressDeployLinux", "WordpressDeployLinux\WordpressDeployLinux.deployproj", "{2F571457-DF1B-41BE-9944-AA23F8889B8A}"
EndProject
Project("{151D2E53-A2C4-4D7D-83FE-D05416EBD58E}") = "WebApp_SQL", "WebApp_SQL\WebApp_SQL.deployproj", "{991A77D4-2539-4AAF-9900-67A1B8339591}"
EndProject
Global
	GlobalSection(SolutionConfigurationPlatforms) = preSolution
		Debug|Any CPU = Debug|Any CPU
		Release|Any CPU = Release|Any CPU
	EndGlobalSection
	GlobalSection(ProjectConfigurationPlatforms) = postSolution
		{2F571457-DF1B-41BE-9944-AA23F8889B8A}.Debug|Any CPU.ActiveCfg = Debug|Any CPU
		{2F571457-DF1B-41BE-9944-AA23F8889B8A}.Debug|Any CPU.Build.0 = Debug|Any CPU
		{2F571457-DF1B-41BE-9944-AA23F8889B8A}.Release|Any CPU.ActiveCfg = Release|Any CPU
		{2F571457-DF1B-41BE-9944-AA23F8889B8A}.Release|Any CPU.Build.0 = Release|Any CPU
		{991A77D4-2539-4AAF-9900-67A1B8339591}.Debug|Any CPU.ActiveCfg = Debug|Any CPU
		{991A77D4-2539-4AAF-9900-67A1B8339591}.Debug|Any CPU.Build.0 = Debug|Any CPU
		{991A77D4-2539-4AAF-9900-67A1B8339591}.Release|Any CPU.ActiveCfg = Release|Any CPU
		{991A77D4-2539-4AAF-9900-67A1B8339591}.Release|Any CPU.Build.0 = Release|Any CPU
	EndGlobalSection
	GlobalSection(SolutionProperties) = preSolution
		HideSolutionNode = FALSE
	EndGlobalSection
	GlobalSection(ExtensibilityGlobals) = postSolution
		SolutionGuid = {2185427D-36E4-4A5E-B152-D356D3A8853E}
	EndGlobalSection
EndGlobal
