
Microsoft Visual Studio Solution File, Format Version 12.00
# Visual Studio Version 16
VisualStudioVersion = 16.0.29613.14
MinimumVisualStudioVersion = 10.0.40219.1
Project("{151D2E53-A2C4-4D7D-83FE-D05416EBD58E}") = "WordpressDeployLinux", "WordpressDeployLinux\WordpressDeployLinux.deployproj", "{2F571457-DF1B-41BE-9944-AA23F8889B8A}"
EndProject
Project("{151D2E53-A2C4-4D7D-83FE-D05416EBD58E}") = "WebApp_SQL", "WebApp_SQL\WebApp_SQL.deployproj", "{991A77D4-2539-4AAF-9900-67A1B8339591}"
EndProject
Project("{151D2E53-A2C4-4D7D-83FE-D05416EBD58E}") = "ScaleSetLinux", "ScaleSetLinux\ScaleSetLinux.deployproj", "{C7C398E0-289B-4BF1-AB45-CE945D142D0A}"
EndProject
Project("{151D2E53-A2C4-4D7D-83FE-D05416EBD58E}") = "LinuxAvailabilitySet_Loadbalancer", "LinuxAvailabilitySet_Loadbalancer\LinuxAvailabilitySet_Loadbalancer.deployproj", "{B1C8FA98-AF3A-4045-AE57-D59C6563D1C4}"
EndProject
Project("{151D2E53-A2C4-4D7D-83FE-D05416EBD58E}") = "DeployAKS_ExistingVnet", "DeployAKS_ExistingVnet\DeployAKS_ExistingVnet.deployproj", "{F2C4A0B1-B3BA-48E0-BCAC-5894C687B886}"
EndProject
Project("{151D2E53-A2C4-4D7D-83FE-D05416EBD58E}") = "SQLServer_AG_existingVnet", "SQLServer_AG_existingVnet\SQLServer_AG_existingVnet.deployproj", "{70722F10-F4A8-4041-82D6-1080F4E59EA8}"
EndProject
Global
	GlobalSection(SolutionConfigurationPlatforms) = preSolution
		Debug|Any CPU = Debug|Any CPU
		Release|Any CPU = Release|Any CPU
	EndGlobalSection
	GlobalSection(ProjectConfigurationPlatforms) = postSolution
		{2F571457-DF1B-41BE-9944-AA23F8889B8A}.Debug|Any CPU.ActiveCfg = Debug|Any CPU
		{2F571457-DF1B-41BE-9944-AA23F8889B8A}.Debug|Any CPU.Build.0 = Debug|Any CPU
		{2F571457-DF1B-41BE-9944-AA23F8889B8A}.Release|Any CPU.ActiveCfg = Release|Any CPU
		{2F571457-DF1B-41BE-9944-AA23F8889B8A}.Release|Any CPU.Build.0 = Release|Any CPU
		{991A77D4-2539-4AAF-9900-67A1B8339591}.Debug|Any CPU.ActiveCfg = Debug|Any CPU
		{991A77D4-2539-4AAF-9900-67A1B8339591}.Debug|Any CPU.Build.0 = Debug|Any CPU
		{991A77D4-2539-4AAF-9900-67A1B8339591}.Release|Any CPU.ActiveCfg = Release|Any CPU
		{991A77D4-2539-4AAF-9900-67A1B8339591}.Release|Any CPU.Build.0 = Release|Any CPU
		{C7C398E0-289B-4BF1-AB45-CE945D142D0A}.Debug|Any CPU.ActiveCfg = Debug|Any CPU
		{C7C398E0-289B-4BF1-AB45-CE945D142D0A}.Debug|Any CPU.Build.0 = Debug|Any CPU
		{C7C398E0-289B-4BF1-AB45-CE945D142D0A}.Release|Any CPU.ActiveCfg = Release|Any CPU
		{C7C398E0-289B-4BF1-AB45-CE945D142D0A}.Release|Any CPU.Build.0 = Release|Any CPU
		{B1C8FA98-AF3A-4045-AE57-D59C6563D1C4}.Debug|Any CPU.ActiveCfg = Debug|Any CPU
		{B1C8FA98-AF3A-4045-AE57-D59C6563D1C4}.Debug|Any CPU.Build.0 = Debug|Any CPU
		{B1C8FA98-AF3A-4045-AE57-D59C6563D1C4}.Release|Any CPU.ActiveCfg = Release|Any CPU
		{B1C8FA98-AF3A-4045-AE57-D59C6563D1C4}.Release|Any CPU.Build.0 = Release|Any CPU
		{F2C4A0B1-B3BA-48E0-BCAC-5894C687B886}.Debug|Any CPU.ActiveCfg = Debug|Any CPU
		{F2C4A0B1-B3BA-48E0-BCAC-5894C687B886}.Debug|Any CPU.Build.0 = Debug|Any CPU
		{F2C4A0B1-B3BA-48E0-BCAC-5894C687B886}.Release|Any CPU.ActiveCfg = Release|Any CPU
		{F2C4A0B1-B3BA-48E0-BCAC-5894C687B886}.Release|Any CPU.Build.0 = Release|Any CPU
		{70722F10-F4A8-4041-82D6-1080F4E59EA8}.Debug|Any CPU.ActiveCfg = Debug|Any CPU
		{70722F10-F4A8-4041-82D6-1080F4E59EA8}.Debug|Any CPU.Build.0 = Debug|Any CPU
		{70722F10-F4A8-4041-82D6-1080F4E59EA8}.Release|Any CPU.ActiveCfg = Release|Any CPU
		{70722F10-F4A8-4041-82D6-1080F4E59EA8}.Release|Any CPU.Build.0 = Release|Any CPU
	EndGlobalSection
	GlobalSection(SolutionProperties) = preSolution
		HideSolutionNode = FALSE
	EndGlobalSection
	GlobalSection(ExtensibilityGlobals) = postSolution
		SolutionGuid = {2185427D-36E4-4A5E-B152-D356D3A8853E}
	EndGlobalSection
EndGlobal
